
Microsoft Visual Studio Solution File, Format Version 12.00
# Visual Studio Version 16
VisualStudioVersion = 16.0.29709.97
MinimumVisualStudioVersion = 10.0.40219.1
Project("{2150E333-8FDC-42A3-9474-1A3956D46DE8}") = "src", "src", "{6E7255F3-56E3-401E-ACAD-445EC35F7C10}"
EndProject
Project("{2150E333-8FDC-42A3-9474-1A3956D46DE8}") = "Catalog", "Catalog", "{B3BC3DD7-6A69-41EE-8E53-CCDDB9641694}"
EndProject
Project("{9A19103F-16F7-4668-BE54-9A1E7A4F7556}") = "Catalog.API", "src\Catalog\Catalog.API\Catalog.API.csproj", "{3B0B93E1-3214-4AF3-A01D-550F9B677482}"
EndProject
Project("{E53339B2-1760-4266-BCC7-CA923CBCF16C}") = "docker-compose", "docker-compose.dcproj", "{50AA4AE8-8FFA-4FF5-A509-21F54BD83180}"
EndProject
Project("{2150E333-8FDC-42A3-9474-1A3956D46DE8}") = "Basket", "Basket", "{85E98BC0-D577-4A41-ABD9-589A10F4FFC3}"
EndProject
Project("{9A19103F-16F7-4668-BE54-9A1E7A4F7556}") = "Basket.API", "src\Basket\Basket.API\Basket.API.csproj", "{38CE91EE-BC17-4831-87F5-907ED21D87AD}"
EndProject
Project("{2150E333-8FDC-42A3-9474-1A3956D46DE8}") = "Common", "Common", "{04769017-B106-4E4D-831B-B67429BE5927}"
EndProject
Project("{9A19103F-16F7-4668-BE54-9A1E7A4F7556}") = "EventBusRabbitMQ", "..\EventBusRabbitMQ\EventBusRabbitMQ.csproj", "{5AC341C2-2800-409F-8DD0-D562E7CFD495}"
EndProject
Project("{2150E333-8FDC-42A3-9474-1A3956D46DE8}") = "Order", "Order", "{286DE06E-5C2B-4632-916E-A0E05CF08AF6}"
EndProject
Project("{9A19103F-16F7-4668-BE54-9A1E7A4F7556}") = "Ordering.API", "src\Order\Ordering.API\Ordering.API.csproj", "{9D58CF55-B870-401D-9955-6D7A4DE9CB6D}"
EndProject
Project("{FAE04EC0-301F-11D3-BF4B-00C04F79EFBC}") = "Ordering.Core", "src\Order\Ordering.Core\Ordering.Core.csproj", "{23564664-2B24-47C6-9B8F-5EA4F3594BDA}"
EndProject
Project("{FAE04EC0-301F-11D3-BF4B-00C04F79EFBC}") = "Ordering.Infrastructure", "src\Order\Ordering.Infrastructure\Ordering.Infrastructure.csproj", "{B22F17B4-3C2B-4CFE-84CB-A2F4B78C802C}"
EndProject
Project("{FAE04EC0-301F-11D3-BF4B-00C04F79EFBC}") = "Ordering.Application", "src\Order\Ordering.Application\Ordering.Application.csproj", "{83790011-3B4D-4A76-8764-2E2D07B818ED}"
EndProject
Global
	GlobalSection(SolutionConfigurationPlatforms) = preSolution
		Debug|Any CPU = Debug|Any CPU
		Release|Any CPU = Release|Any CPU
	EndGlobalSection
	GlobalSection(ProjectConfigurationPlatforms) = postSolution
		{3B0B93E1-3214-4AF3-A01D-550F9B677482}.Debug|Any CPU.ActiveCfg = Debug|Any CPU
		{3B0B93E1-3214-4AF3-A01D-550F9B677482}.Debug|Any CPU.Build.0 = Debug|Any CPU
		{3B0B93E1-3214-4AF3-A01D-550F9B677482}.Release|Any CPU.ActiveCfg = Release|Any CPU
		{3B0B93E1-3214-4AF3-A01D-550F9B677482}.Release|Any CPU.Build.0 = Release|Any CPU
		{50AA4AE8-8FFA-4FF5-A509-21F54BD83180}.Debug|Any CPU.ActiveCfg = Debug|Any CPU
		{50AA4AE8-8FFA-4FF5-A509-21F54BD83180}.Debug|Any CPU.Build.0 = Debug|Any CPU
		{50AA4AE8-8FFA-4FF5-A509-21F54BD83180}.Release|Any CPU.ActiveCfg = Release|Any CPU
		{50AA4AE8-8FFA-4FF5-A509-21F54BD83180}.Release|Any CPU.Build.0 = Release|Any CPU
		{38CE91EE-BC17-4831-87F5-907ED21D87AD}.Debug|Any CPU.ActiveCfg = Debug|Any CPU
		{38CE91EE-BC17-4831-87F5-907ED21D87AD}.Debug|Any CPU.Build.0 = Debug|Any CPU
		{38CE91EE-BC17-4831-87F5-907ED21D87AD}.Release|Any CPU.ActiveCfg = Release|Any CPU
		{38CE91EE-BC17-4831-87F5-907ED21D87AD}.Release|Any CPU.Build.0 = Release|Any CPU
		{5AC341C2-2800-409F-8DD0-D562E7CFD495}.Debug|Any CPU.ActiveCfg = Debug|Any CPU
		{5AC341C2-2800-409F-8DD0-D562E7CFD495}.Debug|Any CPU.Build.0 = Debug|Any CPU
		{5AC341C2-2800-409F-8DD0-D562E7CFD495}.Release|Any CPU.ActiveCfg = Release|Any CPU
		{5AC341C2-2800-409F-8DD0-D562E7CFD495}.Release|Any CPU.Build.0 = Release|Any CPU
		{9D58CF55-B870-401D-9955-6D7A4DE9CB6D}.Debug|Any CPU.ActiveCfg = Debug|Any CPU
		{9D58CF55-B870-401D-9955-6D7A4DE9CB6D}.Debug|Any CPU.Build.0 = Debug|Any CPU
		{9D58CF55-B870-401D-9955-6D7A4DE9CB6D}.Release|Any CPU.ActiveCfg = Release|Any CPU
		{9D58CF55-B870-401D-9955-6D7A4DE9CB6D}.Release|Any CPU.Build.0 = Release|Any CPU
		{23564664-2B24-47C6-9B8F-5EA4F3594BDA}.Debug|Any CPU.ActiveCfg = Debug|Any CPU
		{23564664-2B24-47C6-9B8F-5EA4F3594BDA}.Debug|Any CPU.Build.0 = Debug|Any CPU
		{23564664-2B24-47C6-9B8F-5EA4F3594BDA}.Release|Any CPU.ActiveCfg = Release|Any CPU
		{23564664-2B24-47C6-9B8F-5EA4F3594BDA}.Release|Any CPU.Build.0 = Release|Any CPU
		{B22F17B4-3C2B-4CFE-84CB-A2F4B78C802C}.Debug|Any CPU.ActiveCfg = Debug|Any CPU
		{B22F17B4-3C2B-4CFE-84CB-A2F4B78C802C}.Debug|Any CPU.Build.0 = Debug|Any CPU
		{B22F17B4-3C2B-4CFE-84CB-A2F4B78C802C}.Release|Any CPU.ActiveCfg = Release|Any CPU
		{B22F17B4-3C2B-4CFE-84CB-A2F4B78C802C}.Release|Any CPU.Build.0 = Release|Any CPU
		{83790011-3B4D-4A76-8764-2E2D07B818ED}.Debug|Any CPU.ActiveCfg = Debug|Any CPU
		{83790011-3B4D-4A76-8764-2E2D07B818ED}.Debug|Any CPU.Build.0 = Debug|Any CPU
		{83790011-3B4D-4A76-8764-2E2D07B818ED}.Release|Any CPU.ActiveCfg = Release|Any CPU
		{83790011-3B4D-4A76-8764-2E2D07B818ED}.Release|Any CPU.Build.0 = Release|Any CPU
	EndGlobalSection
	GlobalSection(SolutionProperties) = preSolution
		HideSolutionNode = FALSE
	EndGlobalSection
	GlobalSection(NestedProjects) = preSolution
		{B3BC3DD7-6A69-41EE-8E53-CCDDB9641694} = {6E7255F3-56E3-401E-ACAD-445EC35F7C10}
		{3B0B93E1-3214-4AF3-A01D-550F9B677482} = {B3BC3DD7-6A69-41EE-8E53-CCDDB9641694}
		{85E98BC0-D577-4A41-ABD9-589A10F4FFC3} = {6E7255F3-56E3-401E-ACAD-445EC35F7C10}
		{38CE91EE-BC17-4831-87F5-907ED21D87AD} = {85E98BC0-D577-4A41-ABD9-589A10F4FFC3}
		{04769017-B106-4E4D-831B-B67429BE5927} = {6E7255F3-56E3-401E-ACAD-445EC35F7C10}
		{5AC341C2-2800-409F-8DD0-D562E7CFD495} = {04769017-B106-4E4D-831B-B67429BE5927}
		{286DE06E-5C2B-4632-916E-A0E05CF08AF6} = {6E7255F3-56E3-401E-ACAD-445EC35F7C10}
		{9D58CF55-B870-401D-9955-6D7A4DE9CB6D} = {286DE06E-5C2B-4632-916E-A0E05CF08AF6}
		{23564664-2B24-47C6-9B8F-5EA4F3594BDA} = {286DE06E-5C2B-4632-916E-A0E05CF08AF6}
		{B22F17B4-3C2B-4CFE-84CB-A2F4B78C802C} = {286DE06E-5C2B-4632-916E-A0E05CF08AF6}
		{83790011-3B4D-4A76-8764-2E2D07B818ED} = {286DE06E-5C2B-4632-916E-A0E05CF08AF6}
	EndGlobalSection
	GlobalSection(ExtensibilityGlobals) = postSolution
		SolutionGuid = {FE0259D7-5F0D-41B5-8734-27476CBA26B7}
	EndGlobalSection
EndGlobal
